
Microsoft Visual Studio Solution File, Format Version 12.00
# Visual Studio Version 17
VisualStudioVersion = 17.8.34330.188
MinimumVisualStudioVersion = 10.0.40219.1
Project("{9A19103F-16F7-4668-BE54-9A1E7A4F7556}") = "Playground .NET 7.0", "Playground .NET 7.0\Playground .NET 7.0.csproj", "{15FC06E0-5F29-4DCB-865C-85FBE3430A88}"
EndProject
Project("{9A19103F-16F7-4668-BE54-9A1E7A4F7556}") = "DependencyInjection", "DependencyInjection\DependencyInjection.csproj", "{22B5726B-B238-443C-8746-3FCEE563EE9A}"
EndProject
Project("{9A19103F-16F7-4668-BE54-9A1E7A4F7556}") = "BE", "BE\BE.csproj", "{BF068EC8-966A-4742-A8A8-C62F2B37A16C}"
EndProject
Project("{9A19103F-16F7-4668-BE54-9A1E7A4F7556}") = "PlaygroundTest", "PlaygroundTest\PlaygroundTest.csproj", "{22C05A2C-A838-43ED-BAE8-EED239D2F8D3}"
EndProject
Project("{9A19103F-16F7-4668-BE54-9A1E7A4F7556}") = "Testability", "Testability\Testability.csproj", "{CEEAB5B7-5B49-412B-B00E-8FC75E3D2B00}"
EndProject
Project("{9A19103F-16F7-4668-BE54-9A1E7A4F7556}") = "Testability.UnitTests", "Testability.UnitTests\Testability.UnitTests.csproj", "{22FB6334-3D6B-470C-9E7A-AEAB2F6B7C41}"
EndProject
Project("{9A19103F-16F7-4668-BE54-9A1E7A4F7556}") = "ThreadUITest", "ThreadUITest\ThreadUITest.csproj", "{A70A3C77-24D2-4012-B55E-EBEBD1CAC02E}"
EndProject
Project("{9A19103F-16F7-4668-BE54-9A1E7A4F7556}") = "ThreadConsoleTest", "ThreadConsoleTest\ThreadConsoleTest.csproj", "{B9BBAC91-BF6D-4F5A-B0DB-804A8030D087}"
EndProject
Project("{9A19103F-16F7-4668-BE54-9A1E7A4F7556}") = "ThreadWPFTest", "ThreadWPFTest\ThreadWPFTest.csproj", "{CFB095C5-7412-4A8D-A0EF-26F6789A5126}"
EndProject
Project("{9A19103F-16F7-4668-BE54-9A1E7A4F7556}") = "ConsoleTest", "ConsoleTest\ConsoleTest.csproj", "{725F58BB-9771-44F6-A80B-76D3160AB4FF}"
EndProject
Project("{9A19103F-16F7-4668-BE54-9A1E7A4F7556}") = "EFCodeFirstSQLServer", "EFCodeFirstSQLServer\EFCodeFirstSQLServer.csproj", "{8ABDD4C0-E7B5-402C-B33A-44EEC8533AD2}"
EndProject
Project("{9A19103F-16F7-4668-BE54-9A1E7A4F7556}") = "EFCoreDL", "EFCoreDL\EFCoreDL.csproj", "{145B7268-D65E-4D15-BED5-17BAF6E2B42C}"
EndProject
Project("{FAE04EC0-301F-11D3-BF4B-00C04F79EFBC}") = "WebAPIFramework", "WebAPIFramework\WebAPIFramework.csproj", "{767A0540-985E-4B01-968E-FA4FF8AA6DFE}"
EndProject
Project("{9A19103F-16F7-4668-BE54-9A1E7A4F7556}") = "WebAPICore", "WebAPICore\WebAPICore.csproj", "{D96966C4-02B8-498D-B8BE-9B1EFE799348}"
EndProject
Project("{9A19103F-16F7-4668-BE54-9A1E7A4F7556}") = "ASPNETRazorPages", "ASPNETRazorPages\ASPNETRazorPages.csproj", "{014D3044-53BE-4BED-8517-5AD31EE831BD}"
EndProject
Project("{9A19103F-16F7-4668-BE54-9A1E7A4F7556}") = "RazorPages", "RazorPages\RazorPages.csproj", "{7DCC226B-A9F4-44EF-9AF0-8DB572AEC481}"
EndProject
Project("{9A19103F-16F7-4668-BE54-9A1E7A4F7556}") = "EFWithASPNETCoreRazor", "EFWithASPNETCoreRazor\EFWithASPNETCoreRazor.csproj", "{186CAF40-46B2-462E-B9EB-565E3A5449EB}"
EndProject
Project("{9A19103F-16F7-4668-BE54-9A1E7A4F7556}") = "ASPNETCoreWebAppMVC", "ASPNETCoreWebAppMVC\ASPNETCoreWebAppMVC.csproj", "{E73A9695-83BC-4B03-BACD-09A2BE51A57C}"
EndProject
Project("{9A19103F-16F7-4668-BE54-9A1E7A4F7556}") = "ASPNETCoreWebAppRazorPages", "ASPNETCoreWebAppRazorPages\ASPNETCoreWebAppRazorPages.csproj", "{6C48FBB6-26C2-4659-88DD-F8AFAA4F0113}"
EndProject
Project("{9A19103F-16F7-4668-BE54-9A1E7A4F7556}") = "ASPNETCoreWebAPI", "ASPNETCoreWebAPI\ASPNETCoreWebAPI.csproj", "{543C526B-975E-40B3-81CA-DB8FCE4A5514}"
EndProject
Global
	GlobalSection(SolutionConfigurationPlatforms) = preSolution
		Debug|Any CPU = Debug|Any CPU
		Release|Any CPU = Release|Any CPU
	EndGlobalSection
	GlobalSection(ProjectConfigurationPlatforms) = postSolution
		{15FC06E0-5F29-4DCB-865C-85FBE3430A88}.Debug|Any CPU.ActiveCfg = Debug|Any CPU
		{15FC06E0-5F29-4DCB-865C-85FBE3430A88}.Debug|Any CPU.Build.0 = Debug|Any CPU
		{15FC06E0-5F29-4DCB-865C-85FBE3430A88}.Release|Any CPU.ActiveCfg = Release|Any CPU
		{15FC06E0-5F29-4DCB-865C-85FBE3430A88}.Release|Any CPU.Build.0 = Release|Any CPU
		{22B5726B-B238-443C-8746-3FCEE563EE9A}.Debug|Any CPU.ActiveCfg = Debug|Any CPU
		{22B5726B-B238-443C-8746-3FCEE563EE9A}.Debug|Any CPU.Build.0 = Debug|Any CPU
		{22B5726B-B238-443C-8746-3FCEE563EE9A}.Release|Any CPU.ActiveCfg = Release|Any CPU
		{22B5726B-B238-443C-8746-3FCEE563EE9A}.Release|Any CPU.Build.0 = Release|Any CPU
		{BF068EC8-966A-4742-A8A8-C62F2B37A16C}.Debug|Any CPU.ActiveCfg = Debug|Any CPU
		{BF068EC8-966A-4742-A8A8-C62F2B37A16C}.Debug|Any CPU.Build.0 = Debug|Any CPU
		{BF068EC8-966A-4742-A8A8-C62F2B37A16C}.Release|Any CPU.ActiveCfg = Release|Any CPU
		{BF068EC8-966A-4742-A8A8-C62F2B37A16C}.Release|Any CPU.Build.0 = Release|Any CPU
		{22C05A2C-A838-43ED-BAE8-EED239D2F8D3}.Debug|Any CPU.ActiveCfg = Debug|Any CPU
		{22C05A2C-A838-43ED-BAE8-EED239D2F8D3}.Debug|Any CPU.Build.0 = Debug|Any CPU
		{22C05A2C-A838-43ED-BAE8-EED239D2F8D3}.Release|Any CPU.ActiveCfg = Release|Any CPU
		{22C05A2C-A838-43ED-BAE8-EED239D2F8D3}.Release|Any CPU.Build.0 = Release|Any CPU
		{CEEAB5B7-5B49-412B-B00E-8FC75E3D2B00}.Debug|Any CPU.ActiveCfg = Debug|Any CPU
		{CEEAB5B7-5B49-412B-B00E-8FC75E3D2B00}.Debug|Any CPU.Build.0 = Debug|Any CPU
		{CEEAB5B7-5B49-412B-B00E-8FC75E3D2B00}.Release|Any CPU.ActiveCfg = Release|Any CPU
		{CEEAB5B7-5B49-412B-B00E-8FC75E3D2B00}.Release|Any CPU.Build.0 = Release|Any CPU
		{22FB6334-3D6B-470C-9E7A-AEAB2F6B7C41}.Debug|Any CPU.ActiveCfg = Debug|Any CPU
		{22FB6334-3D6B-470C-9E7A-AEAB2F6B7C41}.Debug|Any CPU.Build.0 = Debug|Any CPU
		{22FB6334-3D6B-470C-9E7A-AEAB2F6B7C41}.Release|Any CPU.ActiveCfg = Release|Any CPU
		{22FB6334-3D6B-470C-9E7A-AEAB2F6B7C41}.Release|Any CPU.Build.0 = Release|Any CPU
		{A70A3C77-24D2-4012-B55E-EBEBD1CAC02E}.Debug|Any CPU.ActiveCfg = Debug|Any CPU
		{A70A3C77-24D2-4012-B55E-EBEBD1CAC02E}.Debug|Any CPU.Build.0 = Debug|Any CPU
		{A70A3C77-24D2-4012-B55E-EBEBD1CAC02E}.Release|Any CPU.ActiveCfg = Release|Any CPU
		{A70A3C77-24D2-4012-B55E-EBEBD1CAC02E}.Release|Any CPU.Build.0 = Release|Any CPU
		{B9BBAC91-BF6D-4F5A-B0DB-804A8030D087}.Debug|Any CPU.ActiveCfg = Debug|Any CPU
		{B9BBAC91-BF6D-4F5A-B0DB-804A8030D087}.Debug|Any CPU.Build.0 = Debug|Any CPU
		{B9BBAC91-BF6D-4F5A-B0DB-804A8030D087}.Release|Any CPU.ActiveCfg = Release|Any CPU
		{B9BBAC91-BF6D-4F5A-B0DB-804A8030D087}.Release|Any CPU.Build.0 = Release|Any CPU
		{CFB095C5-7412-4A8D-A0EF-26F6789A5126}.Debug|Any CPU.ActiveCfg = Debug|Any CPU
		{CFB095C5-7412-4A8D-A0EF-26F6789A5126}.Debug|Any CPU.Build.0 = Debug|Any CPU
		{CFB095C5-7412-4A8D-A0EF-26F6789A5126}.Release|Any CPU.ActiveCfg = Release|Any CPU
		{CFB095C5-7412-4A8D-A0EF-26F6789A5126}.Release|Any CPU.Build.0 = Release|Any CPU
		{725F58BB-9771-44F6-A80B-76D3160AB4FF}.Debug|Any CPU.ActiveCfg = Debug|Any CPU
		{725F58BB-9771-44F6-A80B-76D3160AB4FF}.Debug|Any CPU.Build.0 = Debug|Any CPU
		{725F58BB-9771-44F6-A80B-76D3160AB4FF}.Release|Any CPU.ActiveCfg = Release|Any CPU
		{725F58BB-9771-44F6-A80B-76D3160AB4FF}.Release|Any CPU.Build.0 = Release|Any CPU
		{8ABDD4C0-E7B5-402C-B33A-44EEC8533AD2}.Debug|Any CPU.ActiveCfg = Debug|Any CPU
		{8ABDD4C0-E7B5-402C-B33A-44EEC8533AD2}.Debug|Any CPU.Build.0 = Debug|Any CPU
		{8ABDD4C0-E7B5-402C-B33A-44EEC8533AD2}.Release|Any CPU.ActiveCfg = Release|Any CPU
		{8ABDD4C0-E7B5-402C-B33A-44EEC8533AD2}.Release|Any CPU.Build.0 = Release|Any CPU
		{145B7268-D65E-4D15-BED5-17BAF6E2B42C}.Debug|Any CPU.ActiveCfg = Debug|Any CPU
		{145B7268-D65E-4D15-BED5-17BAF6E2B42C}.Debug|Any CPU.Build.0 = Debug|Any CPU
		{145B7268-D65E-4D15-BED5-17BAF6E2B42C}.Release|Any CPU.ActiveCfg = Release|Any CPU
		{145B7268-D65E-4D15-BED5-17BAF6E2B42C}.Release|Any CPU.Build.0 = Release|Any CPU
		{767A0540-985E-4B01-968E-FA4FF8AA6DFE}.Debug|Any CPU.ActiveCfg = Debug|Any CPU
		{767A0540-985E-4B01-968E-FA4FF8AA6DFE}.Debug|Any CPU.Build.0 = Debug|Any CPU
		{767A0540-985E-4B01-968E-FA4FF8AA6DFE}.Release|Any CPU.ActiveCfg = Release|Any CPU
		{767A0540-985E-4B01-968E-FA4FF8AA6DFE}.Release|Any CPU.Build.0 = Release|Any CPU
		{D96966C4-02B8-498D-B8BE-9B1EFE799348}.Debug|Any CPU.ActiveCfg = Debug|Any CPU
		{D96966C4-02B8-498D-B8BE-9B1EFE799348}.Debug|Any CPU.Build.0 = Debug|Any CPU
		{D96966C4-02B8-498D-B8BE-9B1EFE799348}.Release|Any CPU.ActiveCfg = Release|Any CPU
		{D96966C4-02B8-498D-B8BE-9B1EFE799348}.Release|Any CPU.Build.0 = Release|Any CPU
		{014D3044-53BE-4BED-8517-5AD31EE831BD}.Debug|Any CPU.ActiveCfg = Debug|Any CPU
		{014D3044-53BE-4BED-8517-5AD31EE831BD}.Debug|Any CPU.Build.0 = Debug|Any CPU
		{014D3044-53BE-4BED-8517-5AD31EE831BD}.Release|Any CPU.ActiveCfg = Release|Any CPU
		{014D3044-53BE-4BED-8517-5AD31EE831BD}.Release|Any CPU.Build.0 = Release|Any CPU
		{7DCC226B-A9F4-44EF-9AF0-8DB572AEC481}.Debug|Any CPU.ActiveCfg = Debug|Any CPU
		{7DCC226B-A9F4-44EF-9AF0-8DB572AEC481}.Debug|Any CPU.Build.0 = Debug|Any CPU
		{7DCC226B-A9F4-44EF-9AF0-8DB572AEC481}.Release|Any CPU.ActiveCfg = Release|Any CPU
		{7DCC226B-A9F4-44EF-9AF0-8DB572AEC481}.Release|Any CPU.Build.0 = Release|Any CPU
		{186CAF40-46B2-462E-B9EB-565E3A5449EB}.Debug|Any CPU.ActiveCfg = Debug|Any CPU
		{186CAF40-46B2-462E-B9EB-565E3A5449EB}.Debug|Any CPU.Build.0 = Debug|Any CPU
		{186CAF40-46B2-462E-B9EB-565E3A5449EB}.Release|Any CPU.ActiveCfg = Release|Any CPU
		{186CAF40-46B2-462E-B9EB-565E3A5449EB}.Release|Any CPU.Build.0 = Release|Any CPU
		{E73A9695-83BC-4B03-BACD-09A2BE51A57C}.Debug|Any CPU.ActiveCfg = Debug|Any CPU
		{E73A9695-83BC-4B03-BACD-09A2BE51A57C}.Debug|Any CPU.Build.0 = Debug|Any CPU
		{E73A9695-83BC-4B03-BACD-09A2BE51A57C}.Release|Any CPU.ActiveCfg = Release|Any CPU
		{E73A9695-83BC-4B03-BACD-09A2BE51A57C}.Release|Any CPU.Build.0 = Release|Any CPU
		{6C48FBB6-26C2-4659-88DD-F8AFAA4F0113}.Debug|Any CPU.ActiveCfg = Debug|Any CPU
		{6C48FBB6-26C2-4659-88DD-F8AFAA4F0113}.Debug|Any CPU.Build.0 = Debug|Any CPU
		{6C48FBB6-26C2-4659-88DD-F8AFAA4F0113}.Release|Any CPU.ActiveCfg = Release|Any CPU
		{6C48FBB6-26C2-4659-88DD-F8AFAA4F0113}.Release|Any CPU.Build.0 = Release|Any CPU
		{543C526B-975E-40B3-81CA-DB8FCE4A5514}.Debug|Any CPU.ActiveCfg = Debug|Any CPU
		{543C526B-975E-40B3-81CA-DB8FCE4A5514}.Debug|Any CPU.Build.0 = Debug|Any CPU
		{543C526B-975E-40B3-81CA-DB8FCE4A5514}.Release|Any CPU.ActiveCfg = Release|Any CPU
		{543C526B-975E-40B3-81CA-DB8FCE4A5514}.Release|Any CPU.Build.0 = Release|Any CPU
	EndGlobalSection
	GlobalSection(SolutionProperties) = preSolution
		HideSolutionNode = FALSE
	EndGlobalSection
	GlobalSection(ExtensibilityGlobals) = postSolution
		SolutionGuid = {26DA737E-DD39-48B6-AE82-262247F49AC1}
	EndGlobalSection
EndGlobal
