
Microsoft Visual Studio Solution File, Format Version 12.00
# Visual Studio Version 17
VisualStudioVersion = 17.7.34302.85
MinimumVisualStudioVersion = 10.0.40219.1
Project("{9A19103F-16F7-4668-BE54-9A1E7A4F7556}") = "CoreConsoleApp", "CoreConsoleApp\CoreConsoleApp.csproj", "{8D1DE1E2-0299-464A-A08C-DE5AD69D1A4F}"
EndProject
Project("{FAE04EC0-301F-11D3-BF4B-00C04F79EFBC}") = "BE", "BE\BE.csproj", "{96F588F8-BC3E-4239-836E-F79D792D33DD}"
EndProject
Global
	GlobalSection(SolutionConfigurationPlatforms) = preSolution
		Debug|Any CPU = Debug|Any CPU
		Release|Any CPU = Release|Any CPU
	EndGlobalSection
	GlobalSection(ProjectConfigurationPlatforms) = postSolution
		{8D1DE1E2-0299-464A-A08C-DE5AD69D1A4F}.Debug|Any CPU.ActiveCfg = Debug|Any CPU
		{8D1DE1E2-0299-464A-A08C-DE5AD69D1A4F}.Debug|Any CPU.Build.0 = Debug|Any CPU
		{8D1DE1E2-0299-464A-A08C-DE5AD69D1A4F}.Release|Any CPU.ActiveCfg = Release|Any CPU
		{8D1DE1E2-0299-464A-A08C-DE5AD69D1A4F}.Release|Any CPU.Build.0 = Release|Any CPU
		{96F588F8-BC3E-4239-836E-F79D792D33DD}.Debug|Any CPU.ActiveCfg = Debug|Any CPU
		{96F588F8-BC3E-4239-836E-F79D792D33DD}.Debug|Any CPU.Build.0 = Debug|Any CPU
		{96F588F8-BC3E-4239-836E-F79D792D33DD}.Release|Any CPU.ActiveCfg = Release|Any CPU
		{96F588F8-BC3E-4239-836E-F79D792D33DD}.Release|Any CPU.Build.0 = Release|Any CPU
	EndGlobalSection
	GlobalSection(SolutionProperties) = preSolution
		HideSolutionNode = FALSE
	EndGlobalSection
	GlobalSection(ExtensibilityGlobals) = postSolution
		SolutionGuid = {6B7B33C5-2D8E-4BFE-9571-3403ADE2B4E9}
	EndGlobalSection
EndGlobal
