
Microsoft Visual Studio Solution File, Format Version 12.00
# Visual Studio Version 17
VisualStudioVersion = 17.5.002.0
MinimumVisualStudioVersion = 10.0.40219.1
Project("{9A19103F-16F7-4668-BE54-9A1E7A4F7556}") = "CoreConsoleApp", "CoreConsoleApp.csproj", "{D74D1B9F-12FD-43F8-86F6-178055A17697}"
EndProject
Global
	GlobalSection(SolutionConfigurationPlatforms) = preSolution
		Debug|Any CPU = Debug|Any CPU
		Release|Any CPU = Release|Any CPU
	EndGlobalSection
	GlobalSection(ProjectConfigurationPlatforms) = postSolution
		{D74D1B9F-12FD-43F8-86F6-178055A17697}.Debug|Any CPU.ActiveCfg = Debug|Any CPU
		{D74D1B9F-12FD-43F8-86F6-178055A17697}.Debug|Any CPU.Build.0 = Debug|Any CPU
		{D74D1B9F-12FD-43F8-86F6-178055A17697}.Release|Any CPU.ActiveCfg = Release|Any CPU
		{D74D1B9F-12FD-43F8-86F6-178055A17697}.Release|Any CPU.Build.0 = Release|Any CPU
	EndGlobalSection
	GlobalSection(SolutionProperties) = preSolution
		HideSolutionNode = FALSE
	EndGlobalSection
	GlobalSection(ExtensibilityGlobals) = postSolution
		SolutionGuid = {42E2ABAD-DCB6-4E0A-8263-34054FB8D9C0}
	EndGlobalSection
EndGlobal
