
Microsoft Visual Studio Solution File, Format Version 12.00
# Visual Studio Version 17
VisualStudioVersion = 17.9.34723.18
MinimumVisualStudioVersion = 10.0.40219.1
Project("{FAE04EC0-301F-11D3-BF4B-00C04F79EFBC}") = "Playground .NET 8.0", "Playground .NET 8.0\Playground .NET 8.0.csproj", "{12DFD5AD-B36B-4337-8EA4-1D58EA590F0D}"
EndProject
Project("{FAE04EC0-301F-11D3-BF4B-00C04F79EFBC}") = "BE", "BE\BE.csproj", "{4512CEFC-1DE0-4FC5-B101-7F3448A34153}"
EndProject
Global
	GlobalSection(SolutionConfigurationPlatforms) = preSolution
		Debug|Any CPU = Debug|Any CPU
		Release|Any CPU = Release|Any CPU
	EndGlobalSection
	GlobalSection(ProjectConfigurationPlatforms) = postSolution
		{12DFD5AD-B36B-4337-8EA4-1D58EA590F0D}.Debug|Any CPU.ActiveCfg = Debug|Any CPU
		{12DFD5AD-B36B-4337-8EA4-1D58EA590F0D}.Debug|Any CPU.Build.0 = Debug|Any CPU
		{12DFD5AD-B36B-4337-8EA4-1D58EA590F0D}.Release|Any CPU.ActiveCfg = Release|Any CPU
		{12DFD5AD-B36B-4337-8EA4-1D58EA590F0D}.Release|Any CPU.Build.0 = Release|Any CPU
		{4512CEFC-1DE0-4FC5-B101-7F3448A34153}.Debug|Any CPU.ActiveCfg = Debug|Any CPU
		{4512CEFC-1DE0-4FC5-B101-7F3448A34153}.Debug|Any CPU.Build.0 = Debug|Any CPU
		{4512CEFC-1DE0-4FC5-B101-7F3448A34153}.Release|Any CPU.ActiveCfg = Release|Any CPU
		{4512CEFC-1DE0-4FC5-B101-7F3448A34153}.Release|Any CPU.Build.0 = Release|Any CPU
	EndGlobalSection
	GlobalSection(SolutionProperties) = preSolution
		HideSolutionNode = FALSE
	EndGlobalSection
	GlobalSection(ExtensibilityGlobals) = postSolution
		SolutionGuid = {672EBC56-4754-4762-AA55-141CA091C1C9}
	EndGlobalSection
EndGlobal
