
Microsoft Visual Studio Solution File, Format Version 12.00
# Visual Studio 15
VisualStudioVersion = 15.0.34320.172
MinimumVisualStudioVersion = 10.0.40219.1
Project("{FAE04EC0-301F-11D3-BF4B-00C04F79EFBC}") = "WpfApp", "WpfApp\WpfApp.csproj", "{A12645C9-750C-4A6A-B804-17D7C97D250B}"
EndProject
Project("{FAE04EC0-301F-11D3-BF4B-00C04F79EFBC}") = "WindowsFormsApp1", "WindowsFormsApp1\WindowsFormsApp1.csproj", "{4F7645D4-E622-4478-AE27-063F7AA03EDD}"
EndProject
Project("{FAE04EC0-301F-11D3-BF4B-00C04F79EFBC}") = "ConsoleApp", "ConsoleApp\ConsoleApp.csproj", "{04C809FA-8434-4061-BD94-9455B41E7C52}"
EndProject
Project("{FAE04EC0-301F-11D3-BF4B-00C04F79EFBC}") = "ClassLibrary", "ClassLibrary\ClassLibrary.csproj", "{3F082A21-927F-488F-9A38-E6A0AFC18081}"
EndProject
Project("{9A19103F-16F7-4668-BE54-9A1E7A4F7556}") = "ClassLibraryDotNet", "ClassLibraryDotNet\ClassLibraryDotNet.csproj", "{A8992F43-F967-407F-B8AE-2D6B28272AC7}"
EndProject
Project("{FAE04EC0-301F-11D3-BF4B-00C04F79EFBC}") = "ASPNETWebApplicationEmpty", "ASPNETWebApplicationEmpty\ASPNETWebApplicationEmpty.csproj", "{324333EF-E6B6-44FA-BF01-24A2EF39FAB8}"
EndProject
Project("{FAE04EC0-301F-11D3-BF4B-00C04F79EFBC}") = "ASPNETWebApplicationWebForms", "ASPNETWebApplicationWebForms\ASPNETWebApplicationWebForms.csproj", "{6A9BB889-1313-42B6-B296-F57EB91586C6}"
EndProject
Project("{FAE04EC0-301F-11D3-BF4B-00C04F79EFBC}") = "ASPNETWebApplicationWebAPi", "ASPNETWebApplicationWebAPi\ASPNETWebApplicationWebAPi.csproj", "{F2E64CE1-76DC-4682-AE09-8531C4989F06}"
EndProject
Project("{FAE04EC0-301F-11D3-BF4B-00C04F79EFBC}") = "ASPNETWebApplicationMVC", "ASPNETWebApplicationMVC\ASPNETWebApplicationMVC.csproj", "{600C5912-4757-4DCE-8CEE-67232B4748C8}"
EndProject
Project("{FAE04EC0-301F-11D3-BF4B-00C04F79EFBC}") = "ASPNETWebApplicationAll", "ASPNETWebApplicationAll\ASPNETWebApplicationAll.csproj", "{F52BEA38-CFFC-4586-929A-6833F96285E7}"
EndProject
Project("{9A19103F-16F7-4668-BE54-9A1E7A4F7556}") = "ASPNETCoreWebApplicationEmpty", "ASPNETCoreWebApplicationEmpty\ASPNETCoreWebApplicationEmpty.csproj", "{D6220CD0-4319-48DC-A44E-708B13A34D8E}"
EndProject
Project("{2150E333-8FDC-42A3-9474-1A3956D46DE8}") = "Framework", "Framework", "{C9650774-454D-4C7F-B7B2-FE0492E98E9C}"
EndProject
Project("{2150E333-8FDC-42A3-9474-1A3956D46DE8}") = "Core", "Core", "{F9F032E0-2B7E-41D0-9BA9-999670664866}"
EndProject
Project("{9A19103F-16F7-4668-BE54-9A1E7A4F7556}") = "ASPNETCoreWebApplicationAPI", "ASPNETCoreWebApplicationAPI\ASPNETCoreWebApplicationAPI.csproj", "{365D9666-9640-4AF7-ACE0-214E0323C904}"
EndProject
Project("{9A19103F-16F7-4668-BE54-9A1E7A4F7556}") = "ASPNETCoreWebApplicationWebApp", "ASPNETCoreWebApplicationWebApp\ASPNETCoreWebApplicationWebApp.csproj", "{2593F9E3-BEBB-4BF5-8F19-87ACEB9F33E3}"
EndProject
Project("{9A19103F-16F7-4668-BE54-9A1E7A4F7556}") = "ASPNETCoreWebApplicationMVC", "ASPNETCoreWebApplicationMVC\ASPNETCoreWebApplicationMVC.csproj", "{0575E241-8AC5-4289-9EF4-77072D090F77}"
EndProject
Project("{9A19103F-16F7-4668-BE54-9A1E7A4F7556}") = "ASPNETCoreWebApplicationRazorClassLibrary", "ASPNETCoreWebApplicationRazorClassLibrary\ASPNETCoreWebApplicationRazorClassLibrary.csproj", "{4E34A130-222C-47E1-9608-F58AF6BC96B6}"
EndProject
Project("{9A19103F-16F7-4668-BE54-9A1E7A4F7556}") = "ASPNETCoreWebApplicationAngular", "ASPNETCoreWebApplicationAngular\ASPNETCoreWebApplicationAngular.csproj", "{FB0C88E5-4D7E-466F-989B-AD9F583211EA}"
EndProject
Project("{9A19103F-16F7-4668-BE54-9A1E7A4F7556}") = "ASPNETCoreWebApplicationReactJS", "ASPNETCoreWebApplicationReactJS\ASPNETCoreWebApplicationReactJS.csproj", "{A11981E2-B138-4EF9-AA77-A9935A577801}"
EndProject
Project("{9A19103F-16F7-4668-BE54-9A1E7A4F7556}") = "ASPNETCoreWebApplicationReactJSAndRedux", "ASPNETCoreWebApplicationReactJSAndRedux\ASPNETCoreWebApplicationReactJSAndRedux.csproj", "{48675712-B5E8-4320-8F7C-32BB56B0279D}"
EndProject
Project("{9A19103F-16F7-4668-BE54-9A1E7A4F7556}") = "ConsoleAppCore", "ConsoleAppCore\ConsoleAppCore.csproj", "{18FCD8F0-76E0-4D88-B704-06EACB367E38}"
EndProject
Project("{9A19103F-16F7-4668-BE54-9A1E7A4F7556}") = "MSUnitTestCore", "MSUnitTestCore\MSUnitTestCore.csproj", "{4D55944B-0BF2-400E-9893-C806BE5B20CB}"
EndProject
Project("{9A19103F-16F7-4668-BE54-9A1E7A4F7556}") = "NUnitTestCore", "NUnitTestCore\NUnitTestCore.csproj", "{9EE747A5-6980-4F10-AF5C-0B8D64CD1A38}"
EndProject
Project("{9A19103F-16F7-4668-BE54-9A1E7A4F7556}") = "XUnitTestCore", "XUnitTestCore\XUnitTestCore.csproj", "{C0CBF139-004C-4C66-B8EF-E9BD7A07E151}"
EndProject
Global
	GlobalSection(SolutionConfigurationPlatforms) = preSolution
		Debug|Any CPU = Debug|Any CPU
		Release|Any CPU = Release|Any CPU
	EndGlobalSection
	GlobalSection(ProjectConfigurationPlatforms) = postSolution
		{A12645C9-750C-4A6A-B804-17D7C97D250B}.Debug|Any CPU.ActiveCfg = Debug|Any CPU
		{A12645C9-750C-4A6A-B804-17D7C97D250B}.Debug|Any CPU.Build.0 = Debug|Any CPU
		{A12645C9-750C-4A6A-B804-17D7C97D250B}.Release|Any CPU.ActiveCfg = Release|Any CPU
		{A12645C9-750C-4A6A-B804-17D7C97D250B}.Release|Any CPU.Build.0 = Release|Any CPU
		{4F7645D4-E622-4478-AE27-063F7AA03EDD}.Debug|Any CPU.ActiveCfg = Debug|Any CPU
		{4F7645D4-E622-4478-AE27-063F7AA03EDD}.Debug|Any CPU.Build.0 = Debug|Any CPU
		{4F7645D4-E622-4478-AE27-063F7AA03EDD}.Release|Any CPU.ActiveCfg = Release|Any CPU
		{4F7645D4-E622-4478-AE27-063F7AA03EDD}.Release|Any CPU.Build.0 = Release|Any CPU
		{04C809FA-8434-4061-BD94-9455B41E7C52}.Debug|Any CPU.ActiveCfg = Debug|Any CPU
		{04C809FA-8434-4061-BD94-9455B41E7C52}.Debug|Any CPU.Build.0 = Debug|Any CPU
		{04C809FA-8434-4061-BD94-9455B41E7C52}.Release|Any CPU.ActiveCfg = Release|Any CPU
		{04C809FA-8434-4061-BD94-9455B41E7C52}.Release|Any CPU.Build.0 = Release|Any CPU
		{3F082A21-927F-488F-9A38-E6A0AFC18081}.Debug|Any CPU.ActiveCfg = Debug|Any CPU
		{3F082A21-927F-488F-9A38-E6A0AFC18081}.Debug|Any CPU.Build.0 = Debug|Any CPU
		{3F082A21-927F-488F-9A38-E6A0AFC18081}.Release|Any CPU.ActiveCfg = Release|Any CPU
		{3F082A21-927F-488F-9A38-E6A0AFC18081}.Release|Any CPU.Build.0 = Release|Any CPU
		{A8992F43-F967-407F-B8AE-2D6B28272AC7}.Debug|Any CPU.ActiveCfg = Debug|Any CPU
		{A8992F43-F967-407F-B8AE-2D6B28272AC7}.Debug|Any CPU.Build.0 = Debug|Any CPU
		{A8992F43-F967-407F-B8AE-2D6B28272AC7}.Release|Any CPU.ActiveCfg = Release|Any CPU
		{A8992F43-F967-407F-B8AE-2D6B28272AC7}.Release|Any CPU.Build.0 = Release|Any CPU
		{324333EF-E6B6-44FA-BF01-24A2EF39FAB8}.Debug|Any CPU.ActiveCfg = Debug|Any CPU
		{324333EF-E6B6-44FA-BF01-24A2EF39FAB8}.Debug|Any CPU.Build.0 = Debug|Any CPU
		{324333EF-E6B6-44FA-BF01-24A2EF39FAB8}.Release|Any CPU.ActiveCfg = Release|Any CPU
		{324333EF-E6B6-44FA-BF01-24A2EF39FAB8}.Release|Any CPU.Build.0 = Release|Any CPU
		{6A9BB889-1313-42B6-B296-F57EB91586C6}.Debug|Any CPU.ActiveCfg = Debug|Any CPU
		{6A9BB889-1313-42B6-B296-F57EB91586C6}.Debug|Any CPU.Build.0 = Debug|Any CPU
		{6A9BB889-1313-42B6-B296-F57EB91586C6}.Release|Any CPU.ActiveCfg = Release|Any CPU
		{6A9BB889-1313-42B6-B296-F57EB91586C6}.Release|Any CPU.Build.0 = Release|Any CPU
		{F2E64CE1-76DC-4682-AE09-8531C4989F06}.Debug|Any CPU.ActiveCfg = Debug|Any CPU
		{F2E64CE1-76DC-4682-AE09-8531C4989F06}.Debug|Any CPU.Build.0 = Debug|Any CPU
		{F2E64CE1-76DC-4682-AE09-8531C4989F06}.Release|Any CPU.ActiveCfg = Release|Any CPU
		{F2E64CE1-76DC-4682-AE09-8531C4989F06}.Release|Any CPU.Build.0 = Release|Any CPU
		{600C5912-4757-4DCE-8CEE-67232B4748C8}.Debug|Any CPU.ActiveCfg = Debug|Any CPU
		{600C5912-4757-4DCE-8CEE-67232B4748C8}.Debug|Any CPU.Build.0 = Debug|Any CPU
		{600C5912-4757-4DCE-8CEE-67232B4748C8}.Release|Any CPU.ActiveCfg = Release|Any CPU
		{600C5912-4757-4DCE-8CEE-67232B4748C8}.Release|Any CPU.Build.0 = Release|Any CPU
		{F52BEA38-CFFC-4586-929A-6833F96285E7}.Debug|Any CPU.ActiveCfg = Debug|Any CPU
		{F52BEA38-CFFC-4586-929A-6833F96285E7}.Debug|Any CPU.Build.0 = Debug|Any CPU
		{F52BEA38-CFFC-4586-929A-6833F96285E7}.Release|Any CPU.ActiveCfg = Release|Any CPU
		{F52BEA38-CFFC-4586-929A-6833F96285E7}.Release|Any CPU.Build.0 = Release|Any CPU
		{D6220CD0-4319-48DC-A44E-708B13A34D8E}.Debug|Any CPU.ActiveCfg = Debug|Any CPU
		{D6220CD0-4319-48DC-A44E-708B13A34D8E}.Debug|Any CPU.Build.0 = Debug|Any CPU
		{D6220CD0-4319-48DC-A44E-708B13A34D8E}.Release|Any CPU.ActiveCfg = Release|Any CPU
		{D6220CD0-4319-48DC-A44E-708B13A34D8E}.Release|Any CPU.Build.0 = Release|Any CPU
		{365D9666-9640-4AF7-ACE0-214E0323C904}.Debug|Any CPU.ActiveCfg = Debug|Any CPU
		{365D9666-9640-4AF7-ACE0-214E0323C904}.Debug|Any CPU.Build.0 = Debug|Any CPU
		{365D9666-9640-4AF7-ACE0-214E0323C904}.Release|Any CPU.ActiveCfg = Release|Any CPU
		{365D9666-9640-4AF7-ACE0-214E0323C904}.Release|Any CPU.Build.0 = Release|Any CPU
		{2593F9E3-BEBB-4BF5-8F19-87ACEB9F33E3}.Debug|Any CPU.ActiveCfg = Debug|Any CPU
		{2593F9E3-BEBB-4BF5-8F19-87ACEB9F33E3}.Debug|Any CPU.Build.0 = Debug|Any CPU
		{2593F9E3-BEBB-4BF5-8F19-87ACEB9F33E3}.Release|Any CPU.ActiveCfg = Release|Any CPU
		{2593F9E3-BEBB-4BF5-8F19-87ACEB9F33E3}.Release|Any CPU.Build.0 = Release|Any CPU
		{0575E241-8AC5-4289-9EF4-77072D090F77}.Debug|Any CPU.ActiveCfg = Debug|Any CPU
		{0575E241-8AC5-4289-9EF4-77072D090F77}.Debug|Any CPU.Build.0 = Debug|Any CPU
		{0575E241-8AC5-4289-9EF4-77072D090F77}.Release|Any CPU.ActiveCfg = Release|Any CPU
		{0575E241-8AC5-4289-9EF4-77072D090F77}.Release|Any CPU.Build.0 = Release|Any CPU
		{4E34A130-222C-47E1-9608-F58AF6BC96B6}.Debug|Any CPU.ActiveCfg = Debug|Any CPU
		{4E34A130-222C-47E1-9608-F58AF6BC96B6}.Debug|Any CPU.Build.0 = Debug|Any CPU
		{4E34A130-222C-47E1-9608-F58AF6BC96B6}.Release|Any CPU.ActiveCfg = Release|Any CPU
		{4E34A130-222C-47E1-9608-F58AF6BC96B6}.Release|Any CPU.Build.0 = Release|Any CPU
		{FB0C88E5-4D7E-466F-989B-AD9F583211EA}.Debug|Any CPU.ActiveCfg = Debug|Any CPU
		{FB0C88E5-4D7E-466F-989B-AD9F583211EA}.Debug|Any CPU.Build.0 = Debug|Any CPU
		{FB0C88E5-4D7E-466F-989B-AD9F583211EA}.Release|Any CPU.ActiveCfg = Release|Any CPU
		{FB0C88E5-4D7E-466F-989B-AD9F583211EA}.Release|Any CPU.Build.0 = Release|Any CPU
		{A11981E2-B138-4EF9-AA77-A9935A577801}.Debug|Any CPU.ActiveCfg = Debug|Any CPU
		{A11981E2-B138-4EF9-AA77-A9935A577801}.Debug|Any CPU.Build.0 = Debug|Any CPU
		{A11981E2-B138-4EF9-AA77-A9935A577801}.Release|Any CPU.ActiveCfg = Release|Any CPU
		{A11981E2-B138-4EF9-AA77-A9935A577801}.Release|Any CPU.Build.0 = Release|Any CPU
		{48675712-B5E8-4320-8F7C-32BB56B0279D}.Debug|Any CPU.ActiveCfg = Debug|Any CPU
		{48675712-B5E8-4320-8F7C-32BB56B0279D}.Debug|Any CPU.Build.0 = Debug|Any CPU
		{48675712-B5E8-4320-8F7C-32BB56B0279D}.Release|Any CPU.ActiveCfg = Release|Any CPU
		{48675712-B5E8-4320-8F7C-32BB56B0279D}.Release|Any CPU.Build.0 = Release|Any CPU
		{18FCD8F0-76E0-4D88-B704-06EACB367E38}.Debug|Any CPU.ActiveCfg = Debug|Any CPU
		{18FCD8F0-76E0-4D88-B704-06EACB367E38}.Debug|Any CPU.Build.0 = Debug|Any CPU
		{18FCD8F0-76E0-4D88-B704-06EACB367E38}.Release|Any CPU.ActiveCfg = Release|Any CPU
		{18FCD8F0-76E0-4D88-B704-06EACB367E38}.Release|Any CPU.Build.0 = Release|Any CPU
		{4D55944B-0BF2-400E-9893-C806BE5B20CB}.Debug|Any CPU.ActiveCfg = Debug|Any CPU
		{4D55944B-0BF2-400E-9893-C806BE5B20CB}.Debug|Any CPU.Build.0 = Debug|Any CPU
		{4D55944B-0BF2-400E-9893-C806BE5B20CB}.Release|Any CPU.ActiveCfg = Release|Any CPU
		{4D55944B-0BF2-400E-9893-C806BE5B20CB}.Release|Any CPU.Build.0 = Release|Any CPU
		{9EE747A5-6980-4F10-AF5C-0B8D64CD1A38}.Debug|Any CPU.ActiveCfg = Debug|Any CPU
		{9EE747A5-6980-4F10-AF5C-0B8D64CD1A38}.Debug|Any CPU.Build.0 = Debug|Any CPU
		{9EE747A5-6980-4F10-AF5C-0B8D64CD1A38}.Release|Any CPU.ActiveCfg = Release|Any CPU
		{9EE747A5-6980-4F10-AF5C-0B8D64CD1A38}.Release|Any CPU.Build.0 = Release|Any CPU
		{C0CBF139-004C-4C66-B8EF-E9BD7A07E151}.Debug|Any CPU.ActiveCfg = Debug|Any CPU
		{C0CBF139-004C-4C66-B8EF-E9BD7A07E151}.Debug|Any CPU.Build.0 = Debug|Any CPU
		{C0CBF139-004C-4C66-B8EF-E9BD7A07E151}.Release|Any CPU.ActiveCfg = Release|Any CPU
		{C0CBF139-004C-4C66-B8EF-E9BD7A07E151}.Release|Any CPU.Build.0 = Release|Any CPU
	EndGlobalSection
	GlobalSection(SolutionProperties) = preSolution
		HideSolutionNode = FALSE
	EndGlobalSection
	GlobalSection(NestedProjects) = preSolution
		{A12645C9-750C-4A6A-B804-17D7C97D250B} = {C9650774-454D-4C7F-B7B2-FE0492E98E9C}
		{4F7645D4-E622-4478-AE27-063F7AA03EDD} = {C9650774-454D-4C7F-B7B2-FE0492E98E9C}
		{04C809FA-8434-4061-BD94-9455B41E7C52} = {C9650774-454D-4C7F-B7B2-FE0492E98E9C}
		{3F082A21-927F-488F-9A38-E6A0AFC18081} = {C9650774-454D-4C7F-B7B2-FE0492E98E9C}
		{A8992F43-F967-407F-B8AE-2D6B28272AC7} = {F9F032E0-2B7E-41D0-9BA9-999670664866}
		{324333EF-E6B6-44FA-BF01-24A2EF39FAB8} = {C9650774-454D-4C7F-B7B2-FE0492E98E9C}
		{6A9BB889-1313-42B6-B296-F57EB91586C6} = {C9650774-454D-4C7F-B7B2-FE0492E98E9C}
		{F2E64CE1-76DC-4682-AE09-8531C4989F06} = {C9650774-454D-4C7F-B7B2-FE0492E98E9C}
		{600C5912-4757-4DCE-8CEE-67232B4748C8} = {C9650774-454D-4C7F-B7B2-FE0492E98E9C}
		{F52BEA38-CFFC-4586-929A-6833F96285E7} = {C9650774-454D-4C7F-B7B2-FE0492E98E9C}
		{D6220CD0-4319-48DC-A44E-708B13A34D8E} = {F9F032E0-2B7E-41D0-9BA9-999670664866}
		{365D9666-9640-4AF7-ACE0-214E0323C904} = {F9F032E0-2B7E-41D0-9BA9-999670664866}
		{2593F9E3-BEBB-4BF5-8F19-87ACEB9F33E3} = {F9F032E0-2B7E-41D0-9BA9-999670664866}
		{0575E241-8AC5-4289-9EF4-77072D090F77} = {F9F032E0-2B7E-41D0-9BA9-999670664866}
		{4E34A130-222C-47E1-9608-F58AF6BC96B6} = {F9F032E0-2B7E-41D0-9BA9-999670664866}
		{FB0C88E5-4D7E-466F-989B-AD9F583211EA} = {F9F032E0-2B7E-41D0-9BA9-999670664866}
		{A11981E2-B138-4EF9-AA77-A9935A577801} = {F9F032E0-2B7E-41D0-9BA9-999670664866}
		{48675712-B5E8-4320-8F7C-32BB56B0279D} = {F9F032E0-2B7E-41D0-9BA9-999670664866}
		{18FCD8F0-76E0-4D88-B704-06EACB367E38} = {F9F032E0-2B7E-41D0-9BA9-999670664866}
		{4D55944B-0BF2-400E-9893-C806BE5B20CB} = {F9F032E0-2B7E-41D0-9BA9-999670664866}
		{9EE747A5-6980-4F10-AF5C-0B8D64CD1A38} = {F9F032E0-2B7E-41D0-9BA9-999670664866}
		{C0CBF139-004C-4C66-B8EF-E9BD7A07E151} = {F9F032E0-2B7E-41D0-9BA9-999670664866}
	EndGlobalSection
	GlobalSection(ExtensibilityGlobals) = postSolution
		SolutionGuid = {C0E6CEBA-A609-4A9A-B68C-40E7F21B77B2}
	EndGlobalSection
EndGlobal
