
Microsoft Visual Studio Solution File, Format Version 12.00
# Visual Studio 15
VisualStudioVersion = 15.0.34320.172
MinimumVisualStudioVersion = 10.0.40219.1
Project("{FAE04EC0-301F-11D3-BF4B-00C04F79EFBC}") = "WpfApp", "WpfApp\WpfApp.csproj", "{A12645C9-750C-4A6A-B804-17D7C97D250B}"
EndProject
Project("{FAE04EC0-301F-11D3-BF4B-00C04F79EFBC}") = "WindowsFormsApp1", "WindowsFormsApp1\WindowsFormsApp1.csproj", "{4F7645D4-E622-4478-AE27-063F7AA03EDD}"
EndProject
Project("{FAE04EC0-301F-11D3-BF4B-00C04F79EFBC}") = "ConsoleApp", "ConsoleApp\ConsoleApp.csproj", "{04C809FA-8434-4061-BD94-9455B41E7C52}"
EndProject
Project("{FAE04EC0-301F-11D3-BF4B-00C04F79EFBC}") = "ClassLibrary", "ClassLibrary\ClassLibrary.csproj", "{3F082A21-927F-488F-9A38-E6A0AFC18081}"
EndProject
Project("{9A19103F-16F7-4668-BE54-9A1E7A4F7556}") = "ClassLibraryDotNet", "ClassLibraryDotNet\ClassLibraryDotNet.csproj", "{A8992F43-F967-407F-B8AE-2D6B28272AC7}"
EndProject
Project("{FAE04EC0-301F-11D3-BF4B-00C04F79EFBC}") = "ASPNETWebApplicationEmpty", "ASPNETWebApplicationEmpty\ASPNETWebApplicationEmpty.csproj", "{324333EF-E6B6-44FA-BF01-24A2EF39FAB8}"
EndProject
Project("{E53339B2-1760-4266-BCC7-CA923CBCF16C}") = "docker-compose", "docker-compose.dcproj", "{BF779896-650A-4057-A402-1E4AA754D313}"
EndProject
Project("{FAE04EC0-301F-11D3-BF4B-00C04F79EFBC}") = "ASPNETWebApplicationWebForms", "ASPNETWebApplicationWebForms\ASPNETWebApplicationWebForms.csproj", "{6A9BB889-1313-42B6-B296-F57EB91586C6}"
EndProject
Project("{FAE04EC0-301F-11D3-BF4B-00C04F79EFBC}") = "ASPNETWebApplicationWebAPi", "ASPNETWebApplicationWebAPi\ASPNETWebApplicationWebAPi.csproj", "{F2E64CE1-76DC-4682-AE09-8531C4989F06}"
EndProject
Project("{FAE04EC0-301F-11D3-BF4B-00C04F79EFBC}") = "ASPNETWebApplicationMVC", "ASPNETWebApplicationMVC\ASPNETWebApplicationMVC.csproj", "{600C5912-4757-4DCE-8CEE-67232B4748C8}"
EndProject
Project("{FAE04EC0-301F-11D3-BF4B-00C04F79EFBC}") = "ASPNETWebApplicationAll", "ASPNETWebApplicationAll\ASPNETWebApplicationAll.csproj", "{F52BEA38-CFFC-4586-929A-6833F96285E7}"
EndProject
Global
	GlobalSection(SolutionConfigurationPlatforms) = preSolution
		Debug|Any CPU = Debug|Any CPU
		Release|Any CPU = Release|Any CPU
	EndGlobalSection
	GlobalSection(ProjectConfigurationPlatforms) = postSolution
		{A12645C9-750C-4A6A-B804-17D7C97D250B}.Debug|Any CPU.ActiveCfg = Debug|Any CPU
		{A12645C9-750C-4A6A-B804-17D7C97D250B}.Debug|Any CPU.Build.0 = Debug|Any CPU
		{A12645C9-750C-4A6A-B804-17D7C97D250B}.Release|Any CPU.ActiveCfg = Release|Any CPU
		{A12645C9-750C-4A6A-B804-17D7C97D250B}.Release|Any CPU.Build.0 = Release|Any CPU
		{4F7645D4-E622-4478-AE27-063F7AA03EDD}.Debug|Any CPU.ActiveCfg = Debug|Any CPU
		{4F7645D4-E622-4478-AE27-063F7AA03EDD}.Debug|Any CPU.Build.0 = Debug|Any CPU
		{4F7645D4-E622-4478-AE27-063F7AA03EDD}.Release|Any CPU.ActiveCfg = Release|Any CPU
		{4F7645D4-E622-4478-AE27-063F7AA03EDD}.Release|Any CPU.Build.0 = Release|Any CPU
		{04C809FA-8434-4061-BD94-9455B41E7C52}.Debug|Any CPU.ActiveCfg = Debug|Any CPU
		{04C809FA-8434-4061-BD94-9455B41E7C52}.Debug|Any CPU.Build.0 = Debug|Any CPU
		{04C809FA-8434-4061-BD94-9455B41E7C52}.Release|Any CPU.ActiveCfg = Release|Any CPU
		{04C809FA-8434-4061-BD94-9455B41E7C52}.Release|Any CPU.Build.0 = Release|Any CPU
		{3F082A21-927F-488F-9A38-E6A0AFC18081}.Debug|Any CPU.ActiveCfg = Debug|Any CPU
		{3F082A21-927F-488F-9A38-E6A0AFC18081}.Debug|Any CPU.Build.0 = Debug|Any CPU
		{3F082A21-927F-488F-9A38-E6A0AFC18081}.Release|Any CPU.ActiveCfg = Release|Any CPU
		{3F082A21-927F-488F-9A38-E6A0AFC18081}.Release|Any CPU.Build.0 = Release|Any CPU
		{A8992F43-F967-407F-B8AE-2D6B28272AC7}.Debug|Any CPU.ActiveCfg = Debug|Any CPU
		{A8992F43-F967-407F-B8AE-2D6B28272AC7}.Debug|Any CPU.Build.0 = Debug|Any CPU
		{A8992F43-F967-407F-B8AE-2D6B28272AC7}.Release|Any CPU.ActiveCfg = Release|Any CPU
		{A8992F43-F967-407F-B8AE-2D6B28272AC7}.Release|Any CPU.Build.0 = Release|Any CPU
		{324333EF-E6B6-44FA-BF01-24A2EF39FAB8}.Debug|Any CPU.ActiveCfg = Debug|Any CPU
		{324333EF-E6B6-44FA-BF01-24A2EF39FAB8}.Debug|Any CPU.Build.0 = Debug|Any CPU
		{324333EF-E6B6-44FA-BF01-24A2EF39FAB8}.Release|Any CPU.ActiveCfg = Release|Any CPU
		{324333EF-E6B6-44FA-BF01-24A2EF39FAB8}.Release|Any CPU.Build.0 = Release|Any CPU
		{BF779896-650A-4057-A402-1E4AA754D313}.Debug|Any CPU.ActiveCfg = Debug|Any CPU
		{BF779896-650A-4057-A402-1E4AA754D313}.Debug|Any CPU.Build.0 = Debug|Any CPU
		{BF779896-650A-4057-A402-1E4AA754D313}.Release|Any CPU.ActiveCfg = Release|Any CPU
		{BF779896-650A-4057-A402-1E4AA754D313}.Release|Any CPU.Build.0 = Release|Any CPU
		{6A9BB889-1313-42B6-B296-F57EB91586C6}.Debug|Any CPU.ActiveCfg = Debug|Any CPU
		{6A9BB889-1313-42B6-B296-F57EB91586C6}.Debug|Any CPU.Build.0 = Debug|Any CPU
		{6A9BB889-1313-42B6-B296-F57EB91586C6}.Release|Any CPU.ActiveCfg = Release|Any CPU
		{6A9BB889-1313-42B6-B296-F57EB91586C6}.Release|Any CPU.Build.0 = Release|Any CPU
		{F2E64CE1-76DC-4682-AE09-8531C4989F06}.Debug|Any CPU.ActiveCfg = Debug|Any CPU
		{F2E64CE1-76DC-4682-AE09-8531C4989F06}.Debug|Any CPU.Build.0 = Debug|Any CPU
		{F2E64CE1-76DC-4682-AE09-8531C4989F06}.Release|Any CPU.ActiveCfg = Release|Any CPU
		{F2E64CE1-76DC-4682-AE09-8531C4989F06}.Release|Any CPU.Build.0 = Release|Any CPU
		{600C5912-4757-4DCE-8CEE-67232B4748C8}.Debug|Any CPU.ActiveCfg = Debug|Any CPU
		{600C5912-4757-4DCE-8CEE-67232B4748C8}.Debug|Any CPU.Build.0 = Debug|Any CPU
		{600C5912-4757-4DCE-8CEE-67232B4748C8}.Release|Any CPU.ActiveCfg = Release|Any CPU
		{600C5912-4757-4DCE-8CEE-67232B4748C8}.Release|Any CPU.Build.0 = Release|Any CPU
		{F52BEA38-CFFC-4586-929A-6833F96285E7}.Debug|Any CPU.ActiveCfg = Debug|Any CPU
		{F52BEA38-CFFC-4586-929A-6833F96285E7}.Debug|Any CPU.Build.0 = Debug|Any CPU
		{F52BEA38-CFFC-4586-929A-6833F96285E7}.Release|Any CPU.ActiveCfg = Release|Any CPU
		{F52BEA38-CFFC-4586-929A-6833F96285E7}.Release|Any CPU.Build.0 = Release|Any CPU
	EndGlobalSection
	GlobalSection(SolutionProperties) = preSolution
		HideSolutionNode = FALSE
	EndGlobalSection
	GlobalSection(ExtensibilityGlobals) = postSolution
		SolutionGuid = {C0E6CEBA-A609-4A9A-B68C-40E7F21B77B2}
	EndGlobalSection
EndGlobal
