
Microsoft Visual Studio Solution File, Format Version 12.00
# Visual Studio Version 17
VisualStudioVersion = 17.9.34902.65
MinimumVisualStudioVersion = 10.0.40219.1
Project("{FAE04EC0-301F-11D3-BF4B-00C04F79EFBC}") = "MauiAppProject", "MauiAppProject\MauiAppProject.csproj", "{67477D13-584E-4C0B-A796-C02957C0C98D}"
EndProject
Global
	GlobalSection(SolutionConfigurationPlatforms) = preSolution
		Debug|Any CPU = Debug|Any CPU
		Release|Any CPU = Release|Any CPU
	EndGlobalSection
	GlobalSection(ProjectConfigurationPlatforms) = postSolution
		{67477D13-584E-4C0B-A796-C02957C0C98D}.Debug|Any CPU.ActiveCfg = Debug|Any CPU
		{67477D13-584E-4C0B-A796-C02957C0C98D}.Debug|Any CPU.Build.0 = Debug|Any CPU
		{67477D13-584E-4C0B-A796-C02957C0C98D}.Debug|Any CPU.Deploy.0 = Debug|Any CPU
		{67477D13-584E-4C0B-A796-C02957C0C98D}.Release|Any CPU.ActiveCfg = Release|Any CPU
		{67477D13-584E-4C0B-A796-C02957C0C98D}.Release|Any CPU.Build.0 = Release|Any CPU
		{67477D13-584E-4C0B-A796-C02957C0C98D}.Release|Any CPU.Deploy.0 = Release|Any CPU
	EndGlobalSection
	GlobalSection(SolutionProperties) = preSolution
		HideSolutionNode = FALSE
	EndGlobalSection
	GlobalSection(ExtensibilityGlobals) = postSolution
		SolutionGuid = {DC849BC0-E025-4738-A310-5945269D5D3B}
	EndGlobalSection
EndGlobal
